{
  "requires": true,
  "lockfileVersion": 1,
  "dependencies": {
    "cordova-plugin-customurlscheme": {
      "version": "git+https://github.com/EddyVerbruggen/Custom-URL-scheme.git#80a851debe8ea32d79bd31866059fe2526503526",
      "from": "git+https://github.com/EddyVerbruggen/Custom-URL-scheme.git"
    }
  }
}
